
Microsoft Visual Studio Solution File, Format Version 12.00
# Visual Studio Version 17
VisualStudioVersion = 17.3.32819.101
MinimumVisualStudioVersion = 10.0.40219.1
Project("{FAE04EC0-301F-11D3-BF4B-00C04F79EFBC}") = "Practico1_ConNota_Programacion2", "Practico1_ConNota_Programacion2\Practico1_ConNota_Programacion2.csproj", "{F1CFF802-6694-44D3-B487-0F0702CA3F64}"
EndProject
Global
	GlobalSection(SolutionConfigurationPlatforms) = preSolution
		Debug|Any CPU = Debug|Any CPU
		Release|Any CPU = Release|Any CPU
	EndGlobalSection
	GlobalSection(ProjectConfigurationPlatforms) = postSolution
		{F1CFF802-6694-44D3-B487-0F0702CA3F64}.Debug|Any CPU.ActiveCfg = Debug|Any CPU
		{F1CFF802-6694-44D3-B487-0F0702CA3F64}.Debug|Any CPU.Build.0 = Debug|Any CPU
		{F1CFF802-6694-44D3-B487-0F0702CA3F64}.Release|Any CPU.ActiveCfg = Release|Any CPU
		{F1CFF802-6694-44D3-B487-0F0702CA3F64}.Release|Any CPU.Build.0 = Release|Any CPU
	EndGlobalSection
	GlobalSection(SolutionProperties) = preSolution
		HideSolutionNode = FALSE
	EndGlobalSection
	GlobalSection(ExtensibilityGlobals) = postSolution
		SolutionGuid = {D525358E-34BB-4FE3-9D19-F58D7CAD3911}
	EndGlobalSection
EndGlobal
